
Microsoft Visual Studio Solution File, Format Version 12.00
# Visual Studio 15
VisualStudioVersion = 15.0.28307.1231
MinimumVisualStudioVersion = 10.0.40219.1
Project("{FAE04EC0-301F-11D3-BF4B-00C04F79EFBC}") = "Notebook", "Notebook\Notebook.csproj", "{CCF220C6-846B-4089-B7A3-F9651D1310EB}"
EndProject
Global
	GlobalSection(SolutionConfigurationPlatforms) = preSolution
		Debug|Any CPU = Debug|Any CPU
		Release|Any CPU = Release|Any CPU
	EndGlobalSection
	GlobalSection(ProjectConfigurationPlatforms) = postSolution
		{CCF220C6-846B-4089-B7A3-F9651D1310EB}.Debug|Any CPU.ActiveCfg = Debug|Any CPU
		{CCF220C6-846B-4089-B7A3-F9651D1310EB}.Debug|Any CPU.Build.0 = Debug|Any CPU
		{CCF220C6-846B-4089-B7A3-F9651D1310EB}.Release|Any CPU.ActiveCfg = Release|Any CPU
		{CCF220C6-846B-4089-B7A3-F9651D1310EB}.Release|Any CPU.Build.0 = Release|Any CPU
	EndGlobalSection
	GlobalSection(SolutionProperties) = preSolution
		HideSolutionNode = FALSE
	EndGlobalSection
	GlobalSection(ExtensibilityGlobals) = postSolution
		SolutionGuid = {12FBD36B-6D92-49B1-BDF9-E425D084240E}
	EndGlobalSection
EndGlobal
